
Microsoft Visual Studio Solution File, Format Version 12.00
# Visual Studio Version 17
VisualStudioVersion = 17.13.35931.197 d17.13
MinimumVisualStudioVersion = 10.0.40219.1
Project("{FAE04EC0-301F-11D3-BF4B-00C04F79EFBC}") = "Lab02_1", "Lab02_1\Lab02_1.csproj", "{1524BFB8-97BB-4287-9AFF-910688011513}"
EndProject
Project("{FAE04EC0-301F-11D3-BF4B-00C04F79EFBC}") = "Lab02_2", "Lab02_2\Lab02_2.csproj", "{D60E8BC9-44F9-45FC-BE31-6E230516F9B7}"
EndProject
Project("{FAE04EC0-301F-11D3-BF4B-00C04F79EFBC}") = "Lab02_3", "Lab02_3\Lab02_3.csproj", "{B055CD4B-ED39-407F-9F52-9BAEEE5E26EF}"
EndProject
Project("{FAE04EC0-301F-11D3-BF4B-00C04F79EFBC}") = "Lab02_4", "Lab02_4\Lab02_4.csproj", "{68302C03-E681-48D8-8717-D8825736D834}"
EndProject
Project("{FAE04EC0-301F-11D3-BF4B-00C04F79EFBC}") = "Lab02_5", "Lab02_5\Lab02_5.csproj", "{CD5EBD5F-1099-4E41-9351-6FD538957DB6}"
EndProject
Project("{FAE04EC0-301F-11D3-BF4B-00C04F79EFBC}") = "Lab02_6", "Lab02_6\Lab02_6.csproj", "{3BE46C57-8023-40AB-A435-6A48DFF40B58}"
EndProject
Global
	GlobalSection(SolutionConfigurationPlatforms) = preSolution
		Debug|Any CPU = Debug|Any CPU
		Release|Any CPU = Release|Any CPU
	EndGlobalSection
	GlobalSection(ProjectConfigurationPlatforms) = postSolution
		{1524BFB8-97BB-4287-9AFF-910688011513}.Debug|Any CPU.ActiveCfg = Debug|Any CPU
		{1524BFB8-97BB-4287-9AFF-910688011513}.Debug|Any CPU.Build.0 = Debug|Any CPU
		{1524BFB8-97BB-4287-9AFF-910688011513}.Release|Any CPU.ActiveCfg = Release|Any CPU
		{1524BFB8-97BB-4287-9AFF-910688011513}.Release|Any CPU.Build.0 = Release|Any CPU
		{D60E8BC9-44F9-45FC-BE31-6E230516F9B7}.Debug|Any CPU.ActiveCfg = Debug|Any CPU
		{D60E8BC9-44F9-45FC-BE31-6E230516F9B7}.Debug|Any CPU.Build.0 = Debug|Any CPU
		{D60E8BC9-44F9-45FC-BE31-6E230516F9B7}.Release|Any CPU.ActiveCfg = Release|Any CPU
		{D60E8BC9-44F9-45FC-BE31-6E230516F9B7}.Release|Any CPU.Build.0 = Release|Any CPU
		{B055CD4B-ED39-407F-9F52-9BAEEE5E26EF}.Debug|Any CPU.ActiveCfg = Debug|Any CPU
		{B055CD4B-ED39-407F-9F52-9BAEEE5E26EF}.Debug|Any CPU.Build.0 = Debug|Any CPU
		{B055CD4B-ED39-407F-9F52-9BAEEE5E26EF}.Release|Any CPU.ActiveCfg = Release|Any CPU
		{B055CD4B-ED39-407F-9F52-9BAEEE5E26EF}.Release|Any CPU.Build.0 = Release|Any CPU
		{68302C03-E681-48D8-8717-D8825736D834}.Debug|Any CPU.ActiveCfg = Debug|Any CPU
		{68302C03-E681-48D8-8717-D8825736D834}.Debug|Any CPU.Build.0 = Debug|Any CPU
		{68302C03-E681-48D8-8717-D8825736D834}.Release|Any CPU.ActiveCfg = Release|Any CPU
		{68302C03-E681-48D8-8717-D8825736D834}.Release|Any CPU.Build.0 = Release|Any CPU
		{CD5EBD5F-1099-4E41-9351-6FD538957DB6}.Debug|Any CPU.ActiveCfg = Debug|Any CPU
		{CD5EBD5F-1099-4E41-9351-6FD538957DB6}.Debug|Any CPU.Build.0 = Debug|Any CPU
		{CD5EBD5F-1099-4E41-9351-6FD538957DB6}.Release|Any CPU.ActiveCfg = Release|Any CPU
		{CD5EBD5F-1099-4E41-9351-6FD538957DB6}.Release|Any CPU.Build.0 = Release|Any CPU
		{3BE46C57-8023-40AB-A435-6A48DFF40B58}.Debug|Any CPU.ActiveCfg = Debug|Any CPU
		{3BE46C57-8023-40AB-A435-6A48DFF40B58}.Debug|Any CPU.Build.0 = Debug|Any CPU
		{3BE46C57-8023-40AB-A435-6A48DFF40B58}.Release|Any CPU.ActiveCfg = Release|Any CPU
		{3BE46C57-8023-40AB-A435-6A48DFF40B58}.Release|Any CPU.Build.0 = Release|Any CPU
	EndGlobalSection
	GlobalSection(SolutionProperties) = preSolution
		HideSolutionNode = FALSE
	EndGlobalSection
	GlobalSection(ExtensibilityGlobals) = postSolution
		SolutionGuid = {B5F68A3D-C3F9-432B-8287-4798B77A13BC}
	EndGlobalSection
EndGlobal
